
Microsoft Visual Studio Solution File, Format Version 12.00
# Visual Studio Version 17
VisualStudioVersion = 17.12.35707.178 d17.12
MinimumVisualStudioVersion = 10.0.40219.1
Project("{FAE04EC0-301F-11D3-BF4B-00C04F79EFBC}") = "TaskTracker.API", "TaskTracker.API\TaskTracker.API.csproj", "{282D01AB-F229-47EE-B22B-BB16F1CD343E}"
EndProject
Project("{FAE04EC0-301F-11D3-BF4B-00C04F79EFBC}") = "TaskTracker.Domain", "TaskTracker.Domain\TaskTracker.Domain.csproj", "{D07ED18B-8580-494F-82D3-26BB27F113B6}"
EndProject
Project("{FAE04EC0-301F-11D3-BF4B-00C04F79EFBC}") = "TaskTracker.Application", "TaskTracker.Application\TaskTracker.Application.csproj", "{060C0077-B3AC-43AC-83E7-0402638259C0}"
EndProject
Project("{FAE04EC0-301F-11D3-BF4B-00C04F79EFBC}") = "TaskTracker.Infrastructure", "TaskTracker.Infrastructure\TaskTracker.Infrastructure.csproj", "{7A747BF8-AEB2-48A7-9085-15252FB10829}"
EndProject
Global
	GlobalSection(SolutionConfigurationPlatforms) = preSolution
		Debug|Any CPU = Debug|Any CPU
		Release|Any CPU = Release|Any CPU
	EndGlobalSection
	GlobalSection(ProjectConfigurationPlatforms) = postSolution
		{282D01AB-F229-47EE-B22B-BB16F1CD343E}.Debug|Any CPU.ActiveCfg = Debug|Any CPU
		{282D01AB-F229-47EE-B22B-BB16F1CD343E}.Debug|Any CPU.Build.0 = Debug|Any CPU
		{282D01AB-F229-47EE-B22B-BB16F1CD343E}.Release|Any CPU.ActiveCfg = Release|Any CPU
		{282D01AB-F229-47EE-B22B-BB16F1CD343E}.Release|Any CPU.Build.0 = Release|Any CPU
		{D07ED18B-8580-494F-82D3-26BB27F113B6}.Debug|Any CPU.ActiveCfg = Debug|Any CPU
		{D07ED18B-8580-494F-82D3-26BB27F113B6}.Debug|Any CPU.Build.0 = Debug|Any CPU
		{D07ED18B-8580-494F-82D3-26BB27F113B6}.Release|Any CPU.ActiveCfg = Release|Any CPU
		{D07ED18B-8580-494F-82D3-26BB27F113B6}.Release|Any CPU.Build.0 = Release|Any CPU
		{060C0077-B3AC-43AC-83E7-0402638259C0}.Debug|Any CPU.ActiveCfg = Debug|Any CPU
		{060C0077-B3AC-43AC-83E7-0402638259C0}.Debug|Any CPU.Build.0 = Debug|Any CPU
		{060C0077-B3AC-43AC-83E7-0402638259C0}.Release|Any CPU.ActiveCfg = Release|Any CPU
		{060C0077-B3AC-43AC-83E7-0402638259C0}.Release|Any CPU.Build.0 = Release|Any CPU
		{7A747BF8-AEB2-48A7-9085-15252FB10829}.Debug|Any CPU.ActiveCfg = Debug|Any CPU
		{7A747BF8-AEB2-48A7-9085-15252FB10829}.Debug|Any CPU.Build.0 = Debug|Any CPU
		{7A747BF8-AEB2-48A7-9085-15252FB10829}.Release|Any CPU.ActiveCfg = Release|Any CPU
		{7A747BF8-AEB2-48A7-9085-15252FB10829}.Release|Any CPU.Build.0 = Release|Any CPU
	EndGlobalSection
	GlobalSection(SolutionProperties) = preSolution
		HideSolutionNode = FALSE
	EndGlobalSection
EndGlobal
